
Microsoft Visual Studio Solution File, Format Version 12.00
# Visual Studio Version 16
VisualStudioVersion = 16.0.31019.35
MinimumVisualStudioVersion = 10.0.40219.1
Project("{FAE04EC0-301F-11D3-BF4B-00C04F79EFBC}") = "GeographyNow", "GeographyNow\GeographyNow.csproj", "{5603DD50-B847-4826-BC04-2B2161C59B26}"
EndProject
Global
	GlobalSection(SolutionConfigurationPlatforms) = preSolution
		Debug|Any CPU = Debug|Any CPU
		Release|Any CPU = Release|Any CPU
	EndGlobalSection
	GlobalSection(ProjectConfigurationPlatforms) = postSolution
		{5603DD50-B847-4826-BC04-2B2161C59B26}.Debug|Any CPU.ActiveCfg = Debug|Any CPU
		{5603DD50-B847-4826-BC04-2B2161C59B26}.Debug|Any CPU.Build.0 = Debug|Any CPU
		{5603DD50-B847-4826-BC04-2B2161C59B26}.Release|Any CPU.ActiveCfg = Release|Any CPU
		{5603DD50-B847-4826-BC04-2B2161C59B26}.Release|Any CPU.Build.0 = Release|Any CPU
	EndGlobalSection
	GlobalSection(SolutionProperties) = preSolution
		HideSolutionNode = FALSE
	EndGlobalSection
	GlobalSection(ExtensibilityGlobals) = postSolution
		SolutionGuid = {D49C00C1-6A26-423D-A78B-9450A377D8E1}
	EndGlobalSection
EndGlobal
