
Microsoft Visual Studio Solution File, Format Version 12.00
# Visual Studio Version 16
VisualStudioVersion = 16.0.31019.35
MinimumVisualStudioVersion = 10.0.40219.1
Project("{FAE04EC0-301F-11D3-BF4B-00C04F79EFBC}") = "Practical_6", "Practical_6\Practical_6.csproj", "{62F32AAE-A379-4EAC-958C-824575AA4075}"
EndProject
Global
	GlobalSection(SolutionConfigurationPlatforms) = preSolution
		Debug|Any CPU = Debug|Any CPU
		Release|Any CPU = Release|Any CPU
	EndGlobalSection
	GlobalSection(ProjectConfigurationPlatforms) = postSolution
		{62F32AAE-A379-4EAC-958C-824575AA4075}.Debug|Any CPU.ActiveCfg = Debug|Any CPU
		{62F32AAE-A379-4EAC-958C-824575AA4075}.Debug|Any CPU.Build.0 = Debug|Any CPU
		{62F32AAE-A379-4EAC-958C-824575AA4075}.Release|Any CPU.ActiveCfg = Release|Any CPU
		{62F32AAE-A379-4EAC-958C-824575AA4075}.Release|Any CPU.Build.0 = Release|Any CPU
	EndGlobalSection
	GlobalSection(SolutionProperties) = preSolution
		HideSolutionNode = FALSE
	EndGlobalSection
	GlobalSection(ExtensibilityGlobals) = postSolution
		SolutionGuid = {A60463D3-982B-40FB-8F92-798341D2CAB0}
	EndGlobalSection
EndGlobal
