
Microsoft Visual Studio Solution File, Format Version 12.00
# Visual Studio Version 16
VisualStudioVersion = 16.0.31019.35
MinimumVisualStudioVersion = 10.0.40219.1
Project("{FAE04EC0-301F-11D3-BF4B-00C04F79EFBC}") = "Practical_3", "Practical_3\Practical_3.csproj", "{7CFBC24E-2B46-4449-82C9-89D2283CF6AF}"
EndProject
Global
	GlobalSection(SolutionConfigurationPlatforms) = preSolution
		Debug|Any CPU = Debug|Any CPU
		Release|Any CPU = Release|Any CPU
	EndGlobalSection
	GlobalSection(ProjectConfigurationPlatforms) = postSolution
		{7CFBC24E-2B46-4449-82C9-89D2283CF6AF}.Debug|Any CPU.ActiveCfg = Debug|Any CPU
		{7CFBC24E-2B46-4449-82C9-89D2283CF6AF}.Debug|Any CPU.Build.0 = Debug|Any CPU
		{7CFBC24E-2B46-4449-82C9-89D2283CF6AF}.Release|Any CPU.ActiveCfg = Release|Any CPU
		{7CFBC24E-2B46-4449-82C9-89D2283CF6AF}.Release|Any CPU.Build.0 = Release|Any CPU
	EndGlobalSection
	GlobalSection(SolutionProperties) = preSolution
		HideSolutionNode = FALSE
	EndGlobalSection
	GlobalSection(ExtensibilityGlobals) = postSolution
		SolutionGuid = {6530D68E-6D6A-46ED-946A-40EFD1BAAE99}
	EndGlobalSection
EndGlobal
