
Microsoft Visual Studio Solution File, Format Version 12.00
# Visual Studio Version 16
VisualStudioVersion = 16.0.29613.14
MinimumVisualStudioVersion = 10.0.40219.1
Project("{FAE04EC0-301F-11D3-BF4B-00C04F79EFBC}") = "Practical_4", "Practical_4\Practical_4.csproj", "{5BD50A57-F5A2-4960-984A-90FB7BA4FCEB}"
EndProject
Global
	GlobalSection(SolutionConfigurationPlatforms) = preSolution
		Debug|Any CPU = Debug|Any CPU
		Release|Any CPU = Release|Any CPU
	EndGlobalSection
	GlobalSection(ProjectConfigurationPlatforms) = postSolution
		{5BD50A57-F5A2-4960-984A-90FB7BA4FCEB}.Debug|Any CPU.ActiveCfg = Debug|Any CPU
		{5BD50A57-F5A2-4960-984A-90FB7BA4FCEB}.Debug|Any CPU.Build.0 = Debug|Any CPU
		{5BD50A57-F5A2-4960-984A-90FB7BA4FCEB}.Release|Any CPU.ActiveCfg = Release|Any CPU
		{5BD50A57-F5A2-4960-984A-90FB7BA4FCEB}.Release|Any CPU.Build.0 = Release|Any CPU
	EndGlobalSection
	GlobalSection(SolutionProperties) = preSolution
		HideSolutionNode = FALSE
	EndGlobalSection
	GlobalSection(ExtensibilityGlobals) = postSolution
		SolutionGuid = {1EB960B6-9422-456A-8B57-5D2995D9AE16}
	EndGlobalSection
EndGlobal
