
Microsoft Visual Studio Solution File, Format Version 12.00
# Visual Studio Version 16
VisualStudioVersion = 16.0.31019.35
MinimumVisualStudioVersion = 10.0.40219.1
Project("{FAE04EC0-301F-11D3-BF4B-00C04F79EFBC}") = "Practical_1", "Practical_1\Practical_1.csproj", "{BBB3F00A-C107-4548-916C-33FE061BEEEB}"
EndProject
Global
	GlobalSection(SolutionConfigurationPlatforms) = preSolution
		Debug|Any CPU = Debug|Any CPU
		Release|Any CPU = Release|Any CPU
	EndGlobalSection
	GlobalSection(ProjectConfigurationPlatforms) = postSolution
		{BBB3F00A-C107-4548-916C-33FE061BEEEB}.Debug|Any CPU.ActiveCfg = Debug|Any CPU
		{BBB3F00A-C107-4548-916C-33FE061BEEEB}.Debug|Any CPU.Build.0 = Debug|Any CPU
		{BBB3F00A-C107-4548-916C-33FE061BEEEB}.Release|Any CPU.ActiveCfg = Release|Any CPU
		{BBB3F00A-C107-4548-916C-33FE061BEEEB}.Release|Any CPU.Build.0 = Release|Any CPU
	EndGlobalSection
	GlobalSection(SolutionProperties) = preSolution
		HideSolutionNode = FALSE
	EndGlobalSection
	GlobalSection(ExtensibilityGlobals) = postSolution
		SolutionGuid = {50EE3778-097C-42B5-89F2-7A2ED2A84D71}
	EndGlobalSection
EndGlobal
