
Microsoft Visual Studio Solution File, Format Version 12.00
# Visual Studio Version 16
VisualStudioVersion = 16.0.31019.35
MinimumVisualStudioVersion = 10.0.40219.1
Project("{9A19103F-16F7-4668-BE54-9A1E7A4F7556}") = "XSSPlayground", "XSSPlayground\XSSPlayground.csproj", "{68CBA80F-9F9E-4A0C-BD3A-D8687E936DD9}"
EndProject
Global
	GlobalSection(SolutionConfigurationPlatforms) = preSolution
		Debug|Any CPU = Debug|Any CPU
		Release|Any CPU = Release|Any CPU
	EndGlobalSection
	GlobalSection(ProjectConfigurationPlatforms) = postSolution
		{68CBA80F-9F9E-4A0C-BD3A-D8687E936DD9}.Debug|Any CPU.ActiveCfg = Debug|Any CPU
		{68CBA80F-9F9E-4A0C-BD3A-D8687E936DD9}.Debug|Any CPU.Build.0 = Debug|Any CPU
		{68CBA80F-9F9E-4A0C-BD3A-D8687E936DD9}.Release|Any CPU.ActiveCfg = Release|Any CPU
		{68CBA80F-9F9E-4A0C-BD3A-D8687E936DD9}.Release|Any CPU.Build.0 = Release|Any CPU
	EndGlobalSection
	GlobalSection(SolutionProperties) = preSolution
		HideSolutionNode = FALSE
	EndGlobalSection
	GlobalSection(ExtensibilityGlobals) = postSolution
		SolutionGuid = {F030DF4F-8050-4255-8788-DB19DF2FB7D2}
	EndGlobalSection
EndGlobal
