
Microsoft Visual Studio Solution File, Format Version 12.00
# Visual Studio Version 16
VisualStudioVersion = 16.0.31019.35
MinimumVisualStudioVersion = 10.0.40219.1
Project("{FAE04EC0-301F-11D3-BF4B-00C04F79EFBC}") = "Practical_4", "Practical_4\Practical_4.csproj", "{D1282EF4-B553-46CC-92AD-BCA70BE0126C}"
EndProject
Global
	GlobalSection(SolutionConfigurationPlatforms) = preSolution
		Debug|Any CPU = Debug|Any CPU
		Release|Any CPU = Release|Any CPU
	EndGlobalSection
	GlobalSection(ProjectConfigurationPlatforms) = postSolution
		{D1282EF4-B553-46CC-92AD-BCA70BE0126C}.Debug|Any CPU.ActiveCfg = Debug|Any CPU
		{D1282EF4-B553-46CC-92AD-BCA70BE0126C}.Debug|Any CPU.Build.0 = Debug|Any CPU
		{D1282EF4-B553-46CC-92AD-BCA70BE0126C}.Release|Any CPU.ActiveCfg = Release|Any CPU
		{D1282EF4-B553-46CC-92AD-BCA70BE0126C}.Release|Any CPU.Build.0 = Release|Any CPU
	EndGlobalSection
	GlobalSection(SolutionProperties) = preSolution
		HideSolutionNode = FALSE
	EndGlobalSection
	GlobalSection(ExtensibilityGlobals) = postSolution
		SolutionGuid = {AE58BAD7-2366-4453-8C18-53F096EF64D9}
	EndGlobalSection
EndGlobal
