
Microsoft Visual Studio Solution File, Format Version 12.00
# Visual Studio Version 16
VisualStudioVersion = 16.0.31205.134
MinimumVisualStudioVersion = 10.0.40219.1
Project("{FAE04EC0-301F-11D3-BF4B-00C04F79EFBC}") = "Midterm_2", "Midterm_2\Midterm_2.csproj", "{5B9B3710-3AF3-45CD-BF75-4743A90DFEC2}"
EndProject
Global
	GlobalSection(SolutionConfigurationPlatforms) = preSolution
		Debug|Any CPU = Debug|Any CPU
		Release|Any CPU = Release|Any CPU
	EndGlobalSection
	GlobalSection(ProjectConfigurationPlatforms) = postSolution
		{5B9B3710-3AF3-45CD-BF75-4743A90DFEC2}.Debug|Any CPU.ActiveCfg = Debug|Any CPU
		{5B9B3710-3AF3-45CD-BF75-4743A90DFEC2}.Debug|Any CPU.Build.0 = Debug|Any CPU
		{5B9B3710-3AF3-45CD-BF75-4743A90DFEC2}.Release|Any CPU.ActiveCfg = Release|Any CPU
		{5B9B3710-3AF3-45CD-BF75-4743A90DFEC2}.Release|Any CPU.Build.0 = Release|Any CPU
	EndGlobalSection
	GlobalSection(SolutionProperties) = preSolution
		HideSolutionNode = FALSE
	EndGlobalSection
	GlobalSection(ExtensibilityGlobals) = postSolution
		SolutionGuid = {D0D921D8-4E5B-4129-AFCA-D4F9C3C19AA7}
	EndGlobalSection
EndGlobal
