
Microsoft Visual Studio Solution File, Format Version 12.00
# Visual Studio Version 16
VisualStudioVersion = 16.0.29613.14
MinimumVisualStudioVersion = 10.0.40219.1
Project("{FAE04EC0-301F-11D3-BF4B-00C04F79EFBC}") = "Practical_1", "Practical_1\Practical_1.csproj", "{C4CAC529-0BEA-4CA2-8A2D-6B8191433CCB}"
EndProject
Global
	GlobalSection(SolutionConfigurationPlatforms) = preSolution
		Debug|Any CPU = Debug|Any CPU
		Release|Any CPU = Release|Any CPU
	EndGlobalSection
	GlobalSection(ProjectConfigurationPlatforms) = postSolution
		{C4CAC529-0BEA-4CA2-8A2D-6B8191433CCB}.Debug|Any CPU.ActiveCfg = Debug|Any CPU
		{C4CAC529-0BEA-4CA2-8A2D-6B8191433CCB}.Debug|Any CPU.Build.0 = Debug|Any CPU
		{C4CAC529-0BEA-4CA2-8A2D-6B8191433CCB}.Release|Any CPU.ActiveCfg = Release|Any CPU
		{C4CAC529-0BEA-4CA2-8A2D-6B8191433CCB}.Release|Any CPU.Build.0 = Release|Any CPU
	EndGlobalSection
	GlobalSection(SolutionProperties) = preSolution
		HideSolutionNode = FALSE
	EndGlobalSection
	GlobalSection(ExtensibilityGlobals) = postSolution
		SolutionGuid = {B0C7324E-315E-4FFB-8AE3-52A7CE1CA235}
	EndGlobalSection
EndGlobal
