
Microsoft Visual Studio Solution File, Format Version 12.00
# Visual Studio Version 16
VisualStudioVersion = 16.0.31019.35
MinimumVisualStudioVersion = 10.0.40219.1
Project("{FAE04EC0-301F-11D3-BF4B-00C04F79EFBC}") = "Practical_4", "Practical_4\Practical_4.csproj", "{68F2964A-A9E4-4D63-A24B-B8D6EC8EA15E}"
EndProject
Global
	GlobalSection(SolutionConfigurationPlatforms) = preSolution
		Debug|Any CPU = Debug|Any CPU
		Release|Any CPU = Release|Any CPU
	EndGlobalSection
	GlobalSection(ProjectConfigurationPlatforms) = postSolution
		{68F2964A-A9E4-4D63-A24B-B8D6EC8EA15E}.Debug|Any CPU.ActiveCfg = Debug|Any CPU
		{68F2964A-A9E4-4D63-A24B-B8D6EC8EA15E}.Debug|Any CPU.Build.0 = Debug|Any CPU
		{68F2964A-A9E4-4D63-A24B-B8D6EC8EA15E}.Release|Any CPU.ActiveCfg = Release|Any CPU
		{68F2964A-A9E4-4D63-A24B-B8D6EC8EA15E}.Release|Any CPU.Build.0 = Release|Any CPU
	EndGlobalSection
	GlobalSection(SolutionProperties) = preSolution
		HideSolutionNode = FALSE
	EndGlobalSection
	GlobalSection(ExtensibilityGlobals) = postSolution
		SolutionGuid = {71B3925D-770F-4A90-B9C8-B6447CBA5B6F}
	EndGlobalSection
EndGlobal
