
Microsoft Visual Studio Solution File, Format Version 12.00
# Visual Studio Version 16
VisualStudioVersion = 16.0.31019.35
MinimumVisualStudioVersion = 10.0.40219.1
Project("{FAE04EC0-301F-11D3-BF4B-00C04F79EFBC}") = "Practical_5", "Practical_5\Practical_5.csproj", "{7B4807C7-D800-4F7C-B318-7A25CA367A7F}"
EndProject
Global
	GlobalSection(SolutionConfigurationPlatforms) = preSolution
		Debug|Any CPU = Debug|Any CPU
		Release|Any CPU = Release|Any CPU
	EndGlobalSection
	GlobalSection(ProjectConfigurationPlatforms) = postSolution
		{7B4807C7-D800-4F7C-B318-7A25CA367A7F}.Debug|Any CPU.ActiveCfg = Debug|Any CPU
		{7B4807C7-D800-4F7C-B318-7A25CA367A7F}.Debug|Any CPU.Build.0 = Debug|Any CPU
		{7B4807C7-D800-4F7C-B318-7A25CA367A7F}.Release|Any CPU.ActiveCfg = Release|Any CPU
		{7B4807C7-D800-4F7C-B318-7A25CA367A7F}.Release|Any CPU.Build.0 = Release|Any CPU
	EndGlobalSection
	GlobalSection(SolutionProperties) = preSolution
		HideSolutionNode = FALSE
	EndGlobalSection
	GlobalSection(ExtensibilityGlobals) = postSolution
		SolutionGuid = {48ECC6EB-B261-4CE9-A693-887B5A518243}
	EndGlobalSection
EndGlobal
