
Microsoft Visual Studio Solution File, Format Version 12.00
# Visual Studio Version 16
VisualStudioVersion = 16.0.31019.35
MinimumVisualStudioVersion = 10.0.40219.1
Project("{9A19103F-16F7-4668-BE54-9A1E7A4F7556}") = "Day_36", "Day_36\Day_36.csproj", "{ACDE1916-0955-42C7-8C9F-8690CDFF3E31}"
EndProject
Global
	GlobalSection(SolutionConfigurationPlatforms) = preSolution
		Debug|Any CPU = Debug|Any CPU
		Release|Any CPU = Release|Any CPU
	EndGlobalSection
	GlobalSection(ProjectConfigurationPlatforms) = postSolution
		{ACDE1916-0955-42C7-8C9F-8690CDFF3E31}.Debug|Any CPU.ActiveCfg = Debug|Any CPU
		{ACDE1916-0955-42C7-8C9F-8690CDFF3E31}.Debug|Any CPU.Build.0 = Debug|Any CPU
		{ACDE1916-0955-42C7-8C9F-8690CDFF3E31}.Release|Any CPU.ActiveCfg = Release|Any CPU
		{ACDE1916-0955-42C7-8C9F-8690CDFF3E31}.Release|Any CPU.Build.0 = Release|Any CPU
	EndGlobalSection
	GlobalSection(SolutionProperties) = preSolution
		HideSolutionNode = FALSE
	EndGlobalSection
	GlobalSection(ExtensibilityGlobals) = postSolution
		SolutionGuid = {8FEA94CD-A0F7-4551-ADC2-672616B77384}
	EndGlobalSection
EndGlobal
