
Microsoft Visual Studio Solution File, Format Version 12.00
# Visual Studio Version 16
VisualStudioVersion = 16.0.29613.14
MinimumVisualStudioVersion = 10.0.40219.1
Project("{FAE04EC0-301F-11D3-BF4B-00C04F79EFBC}") = "Practical_3", "Practical_3\Practical_3.csproj", "{109906A6-314C-4C3D-B620-57FD523FE004}"
EndProject
Global
	GlobalSection(SolutionConfigurationPlatforms) = preSolution
		Debug|Any CPU = Debug|Any CPU
		Release|Any CPU = Release|Any CPU
	EndGlobalSection
	GlobalSection(ProjectConfigurationPlatforms) = postSolution
		{109906A6-314C-4C3D-B620-57FD523FE004}.Debug|Any CPU.ActiveCfg = Debug|Any CPU
		{109906A6-314C-4C3D-B620-57FD523FE004}.Debug|Any CPU.Build.0 = Debug|Any CPU
		{109906A6-314C-4C3D-B620-57FD523FE004}.Release|Any CPU.ActiveCfg = Release|Any CPU
		{109906A6-314C-4C3D-B620-57FD523FE004}.Release|Any CPU.Build.0 = Release|Any CPU
	EndGlobalSection
	GlobalSection(SolutionProperties) = preSolution
		HideSolutionNode = FALSE
	EndGlobalSection
	GlobalSection(ExtensibilityGlobals) = postSolution
		SolutionGuid = {C51193AD-0B13-4142-8DFD-7182DCABB303}
	EndGlobalSection
EndGlobal
