
Microsoft Visual Studio Solution File, Format Version 12.00
# Visual Studio Version 16
VisualStudioVersion = 16.0.31019.35
MinimumVisualStudioVersion = 10.0.40219.1
Project("{FAE04EC0-301F-11D3-BF4B-00C04F79EFBC}") = "Practical_4", "Practical_4\Practical_4.csproj", "{CABABC78-4229-498F-9540-0705593F076E}"
EndProject
Global
	GlobalSection(SolutionConfigurationPlatforms) = preSolution
		Debug|Any CPU = Debug|Any CPU
		Release|Any CPU = Release|Any CPU
	EndGlobalSection
	GlobalSection(ProjectConfigurationPlatforms) = postSolution
		{CABABC78-4229-498F-9540-0705593F076E}.Debug|Any CPU.ActiveCfg = Debug|Any CPU
		{CABABC78-4229-498F-9540-0705593F076E}.Debug|Any CPU.Build.0 = Debug|Any CPU
		{CABABC78-4229-498F-9540-0705593F076E}.Release|Any CPU.ActiveCfg = Release|Any CPU
		{CABABC78-4229-498F-9540-0705593F076E}.Release|Any CPU.Build.0 = Release|Any CPU
	EndGlobalSection
	GlobalSection(SolutionProperties) = preSolution
		HideSolutionNode = FALSE
	EndGlobalSection
	GlobalSection(ExtensibilityGlobals) = postSolution
		SolutionGuid = {5266BE54-BA64-47FB-93F9-E043BFD10B45}
	EndGlobalSection
EndGlobal
