
Microsoft Visual Studio Solution File, Format Version 12.00
# Visual Studio Version 16
VisualStudioVersion = 16.0.31019.35
MinimumVisualStudioVersion = 10.0.40219.1
Project("{FAE04EC0-301F-11D3-BF4B-00C04F79EFBC}") = "Practical_1_Interfaces", "Practical_1_Interfaces\Practical_1_Interfaces.csproj", "{8E0AB3A8-5477-456C-B5DC-64F632E5B74C}"
EndProject
Global
	GlobalSection(SolutionConfigurationPlatforms) = preSolution
		Debug|Any CPU = Debug|Any CPU
		Release|Any CPU = Release|Any CPU
	EndGlobalSection
	GlobalSection(ProjectConfigurationPlatforms) = postSolution
		{8E0AB3A8-5477-456C-B5DC-64F632E5B74C}.Debug|Any CPU.ActiveCfg = Debug|Any CPU
		{8E0AB3A8-5477-456C-B5DC-64F632E5B74C}.Debug|Any CPU.Build.0 = Debug|Any CPU
		{8E0AB3A8-5477-456C-B5DC-64F632E5B74C}.Release|Any CPU.ActiveCfg = Release|Any CPU
		{8E0AB3A8-5477-456C-B5DC-64F632E5B74C}.Release|Any CPU.Build.0 = Release|Any CPU
	EndGlobalSection
	GlobalSection(SolutionProperties) = preSolution
		HideSolutionNode = FALSE
	EndGlobalSection
	GlobalSection(ExtensibilityGlobals) = postSolution
		SolutionGuid = {F34EEE5E-B1AC-4DA7-B527-C30C6E469996}
	EndGlobalSection
EndGlobal
