
Microsoft Visual Studio Solution File, Format Version 12.00
# Visual Studio Version 16
VisualStudioVersion = 16.0.31019.35
MinimumVisualStudioVersion = 10.0.40219.1
Project("{FAE04EC0-301F-11D3-BF4B-00C04F79EFBC}") = "Practical_7", "Practical_7\Practical_7.csproj", "{C8846130-2DD5-47AC-AE65-84007C53800D}"
EndProject
Global
	GlobalSection(SolutionConfigurationPlatforms) = preSolution
		Debug|Any CPU = Debug|Any CPU
		Release|Any CPU = Release|Any CPU
	EndGlobalSection
	GlobalSection(ProjectConfigurationPlatforms) = postSolution
		{C8846130-2DD5-47AC-AE65-84007C53800D}.Debug|Any CPU.ActiveCfg = Debug|Any CPU
		{C8846130-2DD5-47AC-AE65-84007C53800D}.Debug|Any CPU.Build.0 = Debug|Any CPU
		{C8846130-2DD5-47AC-AE65-84007C53800D}.Release|Any CPU.ActiveCfg = Release|Any CPU
		{C8846130-2DD5-47AC-AE65-84007C53800D}.Release|Any CPU.Build.0 = Release|Any CPU
	EndGlobalSection
	GlobalSection(SolutionProperties) = preSolution
		HideSolutionNode = FALSE
	EndGlobalSection
	GlobalSection(ExtensibilityGlobals) = postSolution
		SolutionGuid = {6E3B52BB-8E7A-429C-ACE2-53CE43815AB1}
	EndGlobalSection
EndGlobal
