
Microsoft Visual Studio Solution File, Format Version 12.00
# Visual Studio Version 16
VisualStudioVersion = 16.0.31019.35
MinimumVisualStudioVersion = 10.0.40219.1
Project("{FAE04EC0-301F-11D3-BF4B-00C04F79EFBC}") = "Practical_4", "Practical_4\Practical_4.csproj", "{050B464F-A75D-4E96-8E0D-BED2659EF2F2}"
EndProject
Global
	GlobalSection(SolutionConfigurationPlatforms) = preSolution
		Debug|Any CPU = Debug|Any CPU
		Release|Any CPU = Release|Any CPU
	EndGlobalSection
	GlobalSection(ProjectConfigurationPlatforms) = postSolution
		{050B464F-A75D-4E96-8E0D-BED2659EF2F2}.Debug|Any CPU.ActiveCfg = Debug|Any CPU
		{050B464F-A75D-4E96-8E0D-BED2659EF2F2}.Debug|Any CPU.Build.0 = Debug|Any CPU
		{050B464F-A75D-4E96-8E0D-BED2659EF2F2}.Release|Any CPU.ActiveCfg = Release|Any CPU
		{050B464F-A75D-4E96-8E0D-BED2659EF2F2}.Release|Any CPU.Build.0 = Release|Any CPU
	EndGlobalSection
	GlobalSection(SolutionProperties) = preSolution
		HideSolutionNode = FALSE
	EndGlobalSection
	GlobalSection(ExtensibilityGlobals) = postSolution
		SolutionGuid = {6FB413D0-6885-4748-876F-5B207EE6DF87}
	EndGlobalSection
EndGlobal
