
Microsoft Visual Studio Solution File, Format Version 12.00
# Visual Studio Version 16
VisualStudioVersion = 16.0.31019.35
MinimumVisualStudioVersion = 10.0.40219.1
Project("{FAE04EC0-301F-11D3-BF4B-00C04F79EFBC}") = "Midterm_Practical_2", "Midterm_Practical\Midterm_Practical_2.csproj", "{A47ACA20-E26B-4773-B012-1C3D5E846D0E}"
EndProject
Global
	GlobalSection(SolutionConfigurationPlatforms) = preSolution
		Debug|Any CPU = Debug|Any CPU
		Release|Any CPU = Release|Any CPU
	EndGlobalSection
	GlobalSection(ProjectConfigurationPlatforms) = postSolution
		{A47ACA20-E26B-4773-B012-1C3D5E846D0E}.Debug|Any CPU.ActiveCfg = Debug|Any CPU
		{A47ACA20-E26B-4773-B012-1C3D5E846D0E}.Debug|Any CPU.Build.0 = Debug|Any CPU
		{A47ACA20-E26B-4773-B012-1C3D5E846D0E}.Release|Any CPU.ActiveCfg = Release|Any CPU
		{A47ACA20-E26B-4773-B012-1C3D5E846D0E}.Release|Any CPU.Build.0 = Release|Any CPU
	EndGlobalSection
	GlobalSection(SolutionProperties) = preSolution
		HideSolutionNode = FALSE
	EndGlobalSection
	GlobalSection(ExtensibilityGlobals) = postSolution
		SolutionGuid = {46FDD44B-7D57-4725-81B4-7BEF5F93AB87}
	EndGlobalSection
EndGlobal
