
Microsoft Visual Studio Solution File, Format Version 12.00
# Visual Studio Version 16
VisualStudioVersion = 16.0.31019.35
MinimumVisualStudioVersion = 10.0.40219.1
Project("{9A19103F-16F7-4668-BE54-9A1E7A4F7556}") = "Day_39", "Day_39\Day_39.csproj", "{3AA26293-72CA-4F46-8688-B143EC5F4F68}"
EndProject
Project("{9A19103F-16F7-4668-BE54-9A1E7A4F7556}") = "PersonManagement.Service", "PersonManagement.Service\PersonManagement.Service.csproj", "{B26A8960-4A87-4ADA-93C6-8F6C89F72C1C}"
EndProject
Global
	GlobalSection(SolutionConfigurationPlatforms) = preSolution
		Debug|Any CPU = Debug|Any CPU
		Release|Any CPU = Release|Any CPU
	EndGlobalSection
	GlobalSection(ProjectConfigurationPlatforms) = postSolution
		{3AA26293-72CA-4F46-8688-B143EC5F4F68}.Debug|Any CPU.ActiveCfg = Debug|Any CPU
		{3AA26293-72CA-4F46-8688-B143EC5F4F68}.Debug|Any CPU.Build.0 = Debug|Any CPU
		{3AA26293-72CA-4F46-8688-B143EC5F4F68}.Release|Any CPU.ActiveCfg = Release|Any CPU
		{3AA26293-72CA-4F46-8688-B143EC5F4F68}.Release|Any CPU.Build.0 = Release|Any CPU
		{B26A8960-4A87-4ADA-93C6-8F6C89F72C1C}.Debug|Any CPU.ActiveCfg = Debug|Any CPU
		{B26A8960-4A87-4ADA-93C6-8F6C89F72C1C}.Debug|Any CPU.Build.0 = Debug|Any CPU
		{B26A8960-4A87-4ADA-93C6-8F6C89F72C1C}.Release|Any CPU.ActiveCfg = Release|Any CPU
		{B26A8960-4A87-4ADA-93C6-8F6C89F72C1C}.Release|Any CPU.Build.0 = Release|Any CPU
	EndGlobalSection
	GlobalSection(SolutionProperties) = preSolution
		HideSolutionNode = FALSE
	EndGlobalSection
	GlobalSection(ExtensibilityGlobals) = postSolution
		SolutionGuid = {DFB35D80-D155-4891-8F3B-0C56A167C28A}
	EndGlobalSection
EndGlobal
